// !$*UTF8*$!
{
	archiveVersion = 1;
	classes = {
	};
	objectVersion = 46;
	objects = {

/* Begin PBXBuildFile section */
		8796CFAB3EEE61043943E983 /* Pods_FaceBookLike_ShowCase.framework in Frameworks */ = {isa = PBXBuildFile; fileRef = C50FE5C29E0C308706BB7280 /* Pods_FaceBookLike_ShowCase.framework */; };
		A52B20991CEC76BE00A2BC95 /* Bolts.framework in Frameworks */ = {isa = PBXBuildFile; fileRef = A52B20961CEC76BE00A2BC95 /* Bolts.framework */; };
		A52B209A1CEC76BE00A2BC95 /* FBSDKCoreKit.framework in Frameworks */ = {isa = PBXBuildFile; fileRef = A52B20971CEC76BE00A2BC95 /* FBSDKCoreKit.framework */; };
		A52B209B1CEC76BE00A2BC95 /* FBSDKLoginKit.framework in Frameworks */ = {isa = PBXBuildFile; fileRef = A52B20981CEC76BE00A2BC95 /* FBSDKLoginKit.framework */; };
		A535142E1CEDA46700CD7CC4 /* DataService.m in Sources */ = {isa = PBXBuildFile; fileRef = A535142D1CEDA46700CD7CC4 /* DataService.m */; };
		A53514311CEDC30600CD7CC4 /* feeVC.m in Sources */ = {isa = PBXBuildFile; fileRef = A53514301CEDC30600CD7CC4 /* feeVC.m */; };
		A53514341CEDC45500CD7CC4 /* postCell.m in Sources */ = {isa = PBXBuildFile; fileRef = A53514331CEDC45500CD7CC4 /* postCell.m */; };
		A543D9701CE9F78F00EA35A4 /* NotoSans-Bold.ttf in Resources */ = {isa = PBXBuildFile; fileRef = A543D96C1CE9F78F00EA35A4 /* NotoSans-Bold.ttf */; };
		A543D9711CE9F78F00EA35A4 /* NotoSans-BoldItalic.ttf in Resources */ = {isa = PBXBuildFile; fileRef = A543D96D1CE9F78F00EA35A4 /* NotoSans-BoldItalic.ttf */; };
		A543D9721CE9F78F00EA35A4 /* NotoSans-Italic.ttf in Resources */ = {isa = PBXBuildFile; fileRef = A543D96E1CE9F78F00EA35A4 /* NotoSans-Italic.ttf */; };
		A543D9731CE9F78F00EA35A4 /* NotoSans-Regular.ttf in Resources */ = {isa = PBXBuildFile; fileRef = A543D96F1CE9F78F00EA35A4 /* NotoSans-Regular.ttf */; };
		A543D97A1CE9FA4100EA35A4 /* MaterialView.m in Sources */ = {isa = PBXBuildFile; fileRef = A543D9791CE9FA4100EA35A4 /* MaterialView.m */; };
		A543D97E1CE9FAC700EA35A4 /* Constanrs.m in Sources */ = {isa = PBXBuildFile; fileRef = A543D97D1CE9FAC700EA35A4 /* Constanrs.m */; };
		A543D9811CEA064200EA35A4 /* MaterialButton.m in Sources */ = {isa = PBXBuildFile; fileRef = A543D9801CEA064200EA35A4 /* MaterialButton.m */; };
		A543D9841CEA0F6600EA35A4 /* MaterialTextField.m in Sources */ = {isa = PBXBuildFile; fileRef = A543D9831CEA0F6600EA35A4 /* MaterialTextField.m */; };
		A54FEB591CE704DE003F76FA /* main.m in Sources */ = {isa = PBXBuildFile; fileRef = A54FEB581CE704DE003F76FA /* main.m */; };
		A54FEB5C1CE704DE003F76FA /* AppDelegate.m in Sources */ = {isa = PBXBuildFile; fileRef = A54FEB5B1CE704DE003F76FA /* AppDelegate.m */; };
		A54FEB5F1CE704DE003F76FA /* ViewController.m in Sources */ = {isa = PBXBuildFile; fileRef = A54FEB5E1CE704DE003F76FA /* ViewController.m */; };
		A54FEB621CE704DE003F76FA /* Main.storyboard in Resources */ = {isa = PBXBuildFile; fileRef = A54FEB601CE704DE003F76FA /* Main.storyboard */; };
		A54FEB641CE704DE003F76FA /* Assets.xcassets in Resources */ = {isa = PBXBuildFile; fileRef = A54FEB631CE704DE003F76FA /* Assets.xcassets */; };
		A54FEB671CE704DE003F76FA /* LaunchScreen.storyboard in Resources */ = {isa = PBXBuildFile; fileRef = A54FEB651CE704DE003F76FA /* LaunchScreen.storyboard */; };
		A54FEB721CE704DE003F76FA /* FaceBookLike_ShowCaseTests.m in Sources */ = {isa = PBXBuildFile; fileRef = A54FEB711CE704DE003F76FA /* FaceBookLike_ShowCaseTests.m */; };
		A54FEB7D1CE704DE003F76FA /* FaceBookLike_ShowCaseUITests.m in Sources */ = {isa = PBXBuildFile; fileRef = A54FEB7C1CE704DE003F76FA /* FaceBookLike_ShowCaseUITests.m */; };
		A561FDB51CF1D5CD006010C9 /* Post.m in Sources */ = {isa = PBXBuildFile; fileRef = A561FDB41CF1D5CC006010C9 /* Post.m */; };
/* End PBXBuildFile section */

/* Begin PBXContainerItemProxy section */
		A54FEB6E1CE704DE003F76FA /* PBXContainerItemProxy */ = {
			isa = PBXContainerItemProxy;
			containerPortal = A54FEB4C1CE704DE003F76FA /* Project object */;
			proxyType = 1;
			remoteGlobalIDString = A54FEB531CE704DE003F76FA;
			remoteInfo = "FaceBookLike-ShowCase";
		};
		A54FEB791CE704DE003F76FA /* PBXContainerItemProxy */ = {
			isa = PBXContainerItemProxy;
			containerPortal = A54FEB4C1CE704DE003F76FA /* Project object */;
			proxyType = 1;
			remoteGlobalIDString = A54FEB531CE704DE003F76FA;
			remoteInfo = "FaceBookLike-ShowCase";
		};
/* End PBXContainerItemProxy section */

/* Begin PBXFileReference section */
		79DEA2724A0C83BCACA71027 /* Pods-FaceBookLike-ShowCase.debug.xcconfig */ = {isa = PBXFileReference; includeInIndex = 1; lastKnownFileType = text.xcconfig; name = "Pods-FaceBookLike-ShowCase.debug.xcconfig"; path = "Pods/Target Support Files/Pods-FaceBookLike-ShowCase/Pods-FaceBookLike-ShowCase.debug.xcconfig"; sourceTree = "<group>"; };
		9C6968AAA6D55830910760AE /* Pods-FaceBookLike-ShowCase.release.xcconfig */ = {isa = PBXFileReference; includeInIndex = 1; lastKnownFileType = text.xcconfig; name = "Pods-FaceBookLike-ShowCase.release.xcconfig"; path = "Pods/Target Support Files/Pods-FaceBookLike-ShowCase/Pods-FaceBookLike-ShowCase.release.xcconfig"; sourceTree = "<group>"; };
		A52B20961CEC76BE00A2BC95 /* Bolts.framework */ = {isa = PBXFileReference; lastKnownFileType = wrapper.framework; path = Bolts.framework; sourceTree = "<group>"; };
		A52B20971CEC76BE00A2BC95 /* FBSDKCoreKit.framework */ = {isa = PBXFileReference; lastKnownFileType = wrapper.framework; path = FBSDKCoreKit.framework; sourceTree = "<group>"; };
		A52B20981CEC76BE00A2BC95 /* FBSDKLoginKit.framework */ = {isa = PBXFileReference; lastKnownFileType = wrapper.framework; path = FBSDKLoginKit.framework; sourceTree = "<group>"; };
		A535142C1CEDA46700CD7CC4 /* DataService.h */ = {isa = PBXFileReference; fileEncoding = 4; lastKnownFileType = sourcecode.c.h; path = DataService.h; sourceTree = "<group>"; };
		A535142D1CEDA46700CD7CC4 /* DataService.m */ = {isa = PBXFileReference; fileEncoding = 4; lastKnownFileType = sourcecode.c.objc; path = DataService.m; sourceTree = "<group>"; };
		A535142F1CEDC30600CD7CC4 /* feeVC.h */ = {isa = PBXFileReference; fileEncoding = 4; lastKnownFileType = sourcecode.c.h; path = feeVC.h; sourceTree = "<group>"; };
		A53514301CEDC30600CD7CC4 /* feeVC.m */ = {isa = PBXFileReference; fileEncoding = 4; lastKnownFileType = sourcecode.c.objc; path = feeVC.m; sourceTree = "<group>"; };
		A53514321CEDC45500CD7CC4 /* postCell.h */ = {isa = PBXFileReference; fileEncoding = 4; lastKnownFileType = sourcecode.c.h; path = postCell.h; sourceTree = "<group>"; };
		A53514331CEDC45500CD7CC4 /* postCell.m */ = {isa = PBXFileReference; fileEncoding = 4; lastKnownFileType = sourcecode.c.objc; path = postCell.m; sourceTree = "<group>"; };
		A543D96C1CE9F78F00EA35A4 /* NotoSans-Bold.ttf */ = {isa = PBXFileReference; lastKnownFileType = file; path = "NotoSans-Bold.ttf"; sourceTree = "<group>"; };
		A543D96D1CE9F78F00EA35A4 /* NotoSans-BoldItalic.ttf */ = {isa = PBXFileReference; lastKnownFileType = file; path = "NotoSans-BoldItalic.ttf"; sourceTree = "<group>"; };
		A543D96E1CE9F78F00EA35A4 /* NotoSans-Italic.ttf */ = {isa = PBXFileReference; lastKnownFileType = file; path = "NotoSans-Italic.ttf"; sourceTree = "<group>"; };
		A543D96F1CE9F78F00EA35A4 /* NotoSans-Regular.ttf */ = {isa = PBXFileReference; lastKnownFileType = file; path = "NotoSans-Regular.ttf"; sourceTree = "<group>"; };
		A543D9781CE9FA4100EA35A4 /* MaterialView.h */ = {isa = PBXFileReference; fileEncoding = 4; lastKnownFileType = sourcecode.c.h; path = MaterialView.h; sourceTree = "<group>"; };
		A543D9791CE9FA4100EA35A4 /* MaterialView.m */ = {isa = PBXFileReference; fileEncoding = 4; lastKnownFileType = sourcecode.c.objc; path = MaterialView.m; sourceTree = "<group>"; };
		A543D97C1CE9FAC700EA35A4 /* Constanrs.h */ = {isa = PBXFileReference; fileEncoding = 4; lastKnownFileType = sourcecode.c.h; path = Constanrs.h; sourceTree = "<group>"; };
		A543D97D1CE9FAC700EA35A4 /* Constanrs.m */ = {isa = PBXFileReference; fileEncoding = 4; lastKnownFileType = sourcecode.c.objc; path = Constanrs.m; sourceTree = "<group>"; };
		A543D97F1CEA064200EA35A4 /* MaterialButton.h */ = {isa = PBXFileReference; fileEncoding = 4; lastKnownFileType = sourcecode.c.h; path = MaterialButton.h; sourceTree = "<group>"; };
		A543D9801CEA064200EA35A4 /* MaterialButton.m */ = {isa = PBXFileReference; fileEncoding = 4; lastKnownFileType = sourcecode.c.objc; path = MaterialButton.m; sourceTree = "<group>"; };
		A543D9821CEA0F6600EA35A4 /* MaterialTextField.h */ = {isa = PBXFileReference; fileEncoding = 4; lastKnownFileType = sourcecode.c.h; path = MaterialTextField.h; sourceTree = "<group>"; };
		A543D9831CEA0F6600EA35A4 /* MaterialTextField.m */ = {isa = PBXFileReference; fileEncoding = 4; lastKnownFileType = sourcecode.c.objc; path = MaterialTextField.m; sourceTree = "<group>"; };
		A54FEB541CE704DE003F76FA /* FaceBookLike-ShowCase.app */ = {isa = PBXFileReference; explicitFileType = wrapper.application; includeInIndex = 0; path = "FaceBookLike-ShowCase.app"; sourceTree = BUILT_PRODUCTS_DIR; };
		A54FEB581CE704DE003F76FA /* main.m */ = {isa = PBXFileReference; lastKnownFileType = sourcecode.c.objc; path = main.m; sourceTree = "<group>"; };
		A54FEB5A1CE704DE003F76FA /* AppDelegate.h */ = {isa = PBXFileReference; lastKnownFileType = sourcecode.c.h; path = AppDelegate.h; sourceTree = "<group>"; };
		A54FEB5B1CE704DE003F76FA /* AppDelegate.m */ = {isa = PBXFileReference; lastKnownFileType = sourcecode.c.objc; path = AppDelegate.m; sourceTree = "<group>"; };
		A54FEB5D1CE704DE003F76FA /* ViewController.h */ = {isa = PBXFileReference; lastKnownFileType = sourcecode.c.h; path = ViewController.h; sourceTree = "<group>"; };
		A54FEB5E1CE704DE003F76FA /* ViewController.m */ = {isa = PBXFileReference; lastKnownFileType = sourcecode.c.objc; path = ViewController.m; sourceTree = "<group>"; };
		A54FEB611CE704DE003F76FA /* Base */ = {isa = PBXFileReference; lastKnownFileType = file.storyboard; name = Base; path = Base.lproj/Main.storyboard; sourceTree = "<group>"; };
		A54FEB631CE704DE003F76FA /* Assets.xcassets */ = {isa = PBXFileReference; lastKnownFileType = folder.assetcatalog; path = Assets.xcassets; sourceTree = "<group>"; };
		A54FEB661CE704DE003F76FA /* Base */ = {isa = PBXFileReference; lastKnownFileType = file.storyboard; name = Base; path = Base.lproj/LaunchScreen.storyboard; sourceTree = "<group>"; };
		A54FEB681CE704DE003F76FA /* Info.plist */ = {isa = PBXFileReference; lastKnownFileType = text.plist.xml; path = Info.plist; sourceTree = "<group>"; };
		A54FEB6D1CE704DE003F76FA /* FaceBookLike-ShowCaseTests.xctest */ = {isa = PBXFileReference; explicitFileType = wrapper.cfbundle; includeInIndex = 0; path = "FaceBookLike-ShowCaseTests.xctest"; sourceTree = BUILT_PRODUCTS_DIR; };
		A54FEB711CE704DE003F76FA /* FaceBookLike_ShowCaseTests.m */ = {isa = PBXFileReference; lastKnownFileType = sourcecode.c.objc; path = FaceBookLike_ShowCaseTests.m; sourceTree = "<group>"; };
		A54FEB731CE704DE003F76FA /* Info.plist */ = {isa = PBXFileReference; lastKnownFileType = text.plist.xml; path = Info.plist; sourceTree = "<group>"; };
		A54FEB781CE704DE003F76FA /* FaceBookLike-ShowCaseUITests.xctest */ = {isa = PBXFileReference; explicitFileType = wrapper.cfbundle; includeInIndex = 0; path = "FaceBookLike-ShowCaseUITests.xctest"; sourceTree = BUILT_PRODUCTS_DIR; };
		A54FEB7C1CE704DE003F76FA /* FaceBookLike_ShowCaseUITests.m */ = {isa = PBXFileReference; lastKnownFileType = sourcecode.c.objc; path = FaceBookLike_ShowCaseUITests.m; sourceTree = "<group>"; };
		A54FEB7E1CE704DE003F76FA /* Info.plist */ = {isa = PBXFileReference; lastKnownFileType = text.plist.xml; path = Info.plist; sourceTree = "<group>"; };
		A561FDB31CF1D5CC006010C9 /* Post.h */ = {isa = PBXFileReference; fileEncoding = 4; lastKnownFileType = sourcecode.c.h; path = Post.h; sourceTree = "<group>"; };
		A561FDB41CF1D5CC006010C9 /* Post.m */ = {isa = PBXFileReference; fileEncoding = 4; lastKnownFileType = sourcecode.c.objc; path = Post.m; sourceTree = "<group>"; };
		C50FE5C29E0C308706BB7280 /* Pods_FaceBookLike_ShowCase.framework */ = {isa = PBXFileReference; explicitFileType = wrapper.framework; includeInIndex = 0; path = Pods_FaceBookLike_ShowCase.framework; sourceTree = BUILT_PRODUCTS_DIR; };
/* End PBXFileReference section */

/* Begin PBXFrameworksBuildPhase section */
		A54FEB511CE704DE003F76FA /* Frameworks */ = {
			isa = PBXFrameworksBuildPhase;
			buildActionMask = 2147483647;
			files = (
				A52B20991CEC76BE00A2BC95 /* Bolts.framework in Frameworks */,
				A52B209A1CEC76BE00A2BC95 /* FBSDKCoreKit.framework in Frameworks */,
				A52B209B1CEC76BE00A2BC95 /* FBSDKLoginKit.framework in Frameworks */,
				8796CFAB3EEE61043943E983 /* Pods_FaceBookLike_ShowCase.framework in Frameworks */,
			);
			runOnlyForDeploymentPostprocessing = 0;
		};
		A54FEB6A1CE704DE003F76FA /* Frameworks */ = {
			isa = PBXFrameworksBuildPhase;
			buildActionMask = 2147483647;
			files = (
			);
			runOnlyForDeploymentPostprocessing = 0;
		};
		A54FEB751CE704DE003F76FA /* Frameworks */ = {
			isa = PBXFrameworksBuildPhase;
			buildActionMask = 2147483647;
			files = (
			);
			runOnlyForDeploymentPostprocessing = 0;
		};
/* End PBXFrameworksBuildPhase section */

/* Begin PBXGroup section */
		7976DD75D469A54F5BA60897 /* Frameworks */ = {
			isa = PBXGroup;
			children = (
				C50FE5C29E0C308706BB7280 /* Pods_FaceBookLike_ShowCase.framework */,
			);
			name = Frameworks;
			sourceTree = "<group>";
		};
		A52B209C1CEC76C300A2BC95 /* FrameWork */ = {
			isa = PBXGroup;
			children = (
				A52B20961CEC76BE00A2BC95 /* Bolts.framework */,
				A52B20971CEC76BE00A2BC95 /* FBSDKCoreKit.framework */,
				A52B20981CEC76BE00A2BC95 /* FBSDKLoginKit.framework */,
			);
			name = FrameWork;
			sourceTree = "<group>";
		};
		A535142B1CEDA44900CD7CC4 /* Services */ = {
			isa = PBXGroup;
			children = (
				A535142C1CEDA46700CD7CC4 /* DataService.h */,
				A535142D1CEDA46700CD7CC4 /* DataService.m */,
			);
			name = Services;
			sourceTree = "<group>";
		};
		A543D9741CE9F79A00EA35A4 /* Resources */ = {
			isa = PBXGroup;
			children = (
				A543D96C1CE9F78F00EA35A4 /* NotoSans-Bold.ttf */,
				A543D96D1CE9F78F00EA35A4 /* NotoSans-BoldItalic.ttf */,
				A543D96E1CE9F78F00EA35A4 /* NotoSans-Italic.ttf */,
				A543D96F1CE9F78F00EA35A4 /* NotoSans-Regular.ttf */,
			);
			name = Resources;
			sourceTree = "<group>";
		};
		A543D9751CE9F7FA00EA35A4 /* Model */ = {
			isa = PBXGroup;
			children = (
				A561FDB31CF1D5CC006010C9 /* Post.h */,
				A561FDB41CF1D5CC006010C9 /* Post.m */,
			);
			name = Model;
			sourceTree = "<group>";
		};
		A543D9761CE9F80600EA35A4 /* Controller */ = {
			isa = PBXGroup;
			children = (
				A54FEB5D1CE704DE003F76FA /* ViewController.h */,
				A54FEB5E1CE704DE003F76FA /* ViewController.m */,
				A535142F1CEDC30600CD7CC4 /* feeVC.h */,
				A53514301CEDC30600CD7CC4 /* feeVC.m */,
			);
			name = Controller;
			sourceTree = "<group>";
		};
		A543D9771CE9F81400EA35A4 /* View */ = {
			isa = PBXGroup;
			children = (
				A543D9781CE9FA4100EA35A4 /* MaterialView.h */,
				A543D9791CE9FA4100EA35A4 /* MaterialView.m */,
				A543D97F1CEA064200EA35A4 /* MaterialButton.h */,
				A543D9801CEA064200EA35A4 /* MaterialButton.m */,
				A543D9821CEA0F6600EA35A4 /* MaterialTextField.h */,
				A543D9831CEA0F6600EA35A4 /* MaterialTextField.m */,
				A53514321CEDC45500CD7CC4 /* postCell.h */,
				A53514331CEDC45500CD7CC4 /* postCell.m */,
			);
			name = View;
			sourceTree = "<group>";
		};
		A543D97B1CE9FA9500EA35A4 /* Util */ = {
			isa = PBXGroup;
			children = (
				A543D97C1CE9FAC700EA35A4 /* Constanrs.h */,
				A543D97D1CE9FAC700EA35A4 /* Constanrs.m */,
			);
			name = Util;
			sourceTree = "<group>";
		};
		A54FEB4B1CE704DE003F76FA = {
			isa = PBXGroup;
			children = (
				A54FEB561CE704DE003F76FA /* FaceBookLike-ShowCase */,
				A54FEB701CE704DE003F76FA /* FaceBookLike-ShowCaseTests */,
				A54FEB7B1CE704DE003F76FA /* FaceBookLike-ShowCaseUITests */,
				A54FEB551CE704DE003F76FA /* Products */,
				FFD9B53328051567B0CA2A50 /* Pods */,
				7976DD75D469A54F5BA60897 /* Frameworks */,
			);
			sourceTree = "<group>";
		};
		A54FEB551CE704DE003F76FA /* Products */ = {
			isa = PBXGroup;
			children = (
				A54FEB541CE704DE003F76FA /* FaceBookLike-ShowCase.app */,
				A54FEB6D1CE704DE003F76FA /* FaceBookLike-ShowCaseTests.xctest */,
				A54FEB781CE704DE003F76FA /* FaceBookLike-ShowCaseUITests.xctest */,
			);
			name = Products;
			sourceTree = "<group>";
		};
		A54FEB561CE704DE003F76FA /* FaceBookLike-ShowCase */ = {
			isa = PBXGroup;
			children = (
				A535142B1CEDA44900CD7CC4 /* Services */,
				A52B209C1CEC76C300A2BC95 /* FrameWork */,
				A543D97B1CE9FA9500EA35A4 /* Util */,
				A543D9771CE9F81400EA35A4 /* View */,
				A543D9761CE9F80600EA35A4 /* Controller */,
				A543D9751CE9F7FA00EA35A4 /* Model */,
				A543D9741CE9F79A00EA35A4 /* Resources */,
				A54FEB5A1CE704DE003F76FA /* AppDelegate.h */,
				A54FEB5B1CE704DE003F76FA /* AppDelegate.m */,
				A54FEB601CE704DE003F76FA /* Main.storyboard */,
				A54FEB631CE704DE003F76FA /* Assets.xcassets */,
				A54FEB651CE704DE003F76FA /* LaunchScreen.storyboard */,
				A54FEB681CE704DE003F76FA /* Info.plist */,
				A54FEB571CE704DE003F76FA /* Supporting Files */,
			);
			path = "FaceBookLike-ShowCase";
			sourceTree = "<group>";
		};
		A54FEB571CE704DE003F76FA /* Supporting Files */ = {
			isa = PBXGroup;
			children = (
				A54FEB581CE704DE003F76FA /* main.m */,
			);
			name = "Supporting Files";
			sourceTree = "<group>";
		};
		A54FEB701CE704DE003F76FA /* FaceBookLike-ShowCaseTests */ = {
			isa = PBXGroup;
			children = (
				A54FEB711CE704DE003F76FA /* FaceBookLike_ShowCaseTests.m */,
				A54FEB731CE704DE003F76FA /* Info.plist */,
			);
			path = "FaceBookLike-ShowCaseTests";
			sourceTree = "<group>";
		};
		A54FEB7B1CE704DE003F76FA /* FaceBookLike-ShowCaseUITests */ = {
			isa = PBXGroup;
			children = (
				A54FEB7C1CE704DE003F76FA /* FaceBookLike_ShowCaseUITests.m */,
				A54FEB7E1CE704DE003F76FA /* Info.plist */,
			);
			path = "FaceBookLike-ShowCaseUITests";
			sourceTree = "<group>";
		};
		FFD9B53328051567B0CA2A50 /* Pods */ = {
			isa = PBXGroup;
			children = (
				79DEA2724A0C83BCACA71027 /* Pods-FaceBookLike-ShowCase.debug.xcconfig */,
				9C6968AAA6D55830910760AE /* Pods-FaceBookLike-ShowCase.release.xcconfig */,
			);
			name = Pods;
			sourceTree = "<group>";
		};
/* End PBXGroup section */

/* Begin PBXNativeTarget section */
		A54FEB531CE704DE003F76FA /* FaceBookLike-ShowCase */ = {
			isa = PBXNativeTarget;
			buildConfigurationList = A54FEB811CE704DE003F76FA /* Build configuration list for PBXNativeTarget "FaceBookLike-ShowCase" */;
			buildPhases = (
				970AC056ABC4FB30CD847CB5 /* Check Pods Manifest.lock */,
				A54FEB501CE704DE003F76FA /* Sources */,
				A54FEB511CE704DE003F76FA /* Frameworks */,
				A54FEB521CE704DE003F76FA /* Resources */,
				242A922B83567C784D02DEBB /* Embed Pods Frameworks */,
				4F8AE91C11D30161620CFF55 /* Copy Pods Resources */,
			);
			buildRules = (
			);
			dependencies = (
			);
			name = "FaceBookLike-ShowCase";
			productName = "FaceBookLike-ShowCase";
			productReference = A54FEB541CE704DE003F76FA /* FaceBookLike-ShowCase.app */;
			productType = "com.apple.product-type.application";
		};
		A54FEB6C1CE704DE003F76FA /* FaceBookLike-ShowCaseTests */ = {
			isa = PBXNativeTarget;
			buildConfigurationList = A54FEB841CE704DE003F76FA /* Build configuration list for PBXNativeTarget "FaceBookLike-ShowCaseTests" */;
			buildPhases = (
				A54FEB691CE704DE003F76FA /* Sources */,
				A54FEB6A1CE704DE003F76FA /* Frameworks */,
				A54FEB6B1CE704DE003F76FA /* Resources */,
			);
			buildRules = (
			);
			dependencies = (
				A54FEB6F1CE704DE003F76FA /* PBXTargetDependency */,
			);
			name = "FaceBookLike-ShowCaseTests";
			productName = "FaceBookLike-ShowCaseTests";
			productReference = A54FEB6D1CE704DE003F76FA /* FaceBookLike-ShowCaseTests.xctest */;
			productType = "com.apple.product-type.bundle.unit-test";
		};
		A54FEB771CE704DE003F76FA /* FaceBookLike-ShowCaseUITests */ = {
			isa = PBXNativeTarget;
			buildConfigurationList = A54FEB871CE704DE003F76FA /* Build configuration list for PBXNativeTarget "FaceBookLike-ShowCaseUITests" */;
			buildPhases = (
				A54FEB741CE704DE003F76FA /* Sources */,
				A54FEB751CE704DE003F76FA /* Frameworks */,
				A54FEB761CE704DE003F76FA /* Resources */,
			);
			buildRules = (
			);
			dependencies = (
				A54FEB7A1CE704DE003F76FA /* PBXTargetDependency */,
			);
			name = "FaceBookLike-ShowCaseUITests";
			productName = "FaceBookLike-ShowCaseUITests";
			productReference = A54FEB781CE704DE003F76FA /* FaceBookLike-ShowCaseUITests.xctest */;
			productType = "com.apple.product-type.bundle.ui-testing";
		};
/* End PBXNativeTarget section */

/* Begin PBXProject section */
		A54FEB4C1CE704DE003F76FA /* Project object */ = {
			isa = PBXProject;
			attributes = {
				LastUpgradeCheck = 0720;
				ORGANIZATIONNAME = "cyrus refahi";
				TargetAttributes = {
					A54FEB531CE704DE003F76FA = {
						CreatedOnToolsVersion = 7.2;
					};
					A54FEB6C1CE704DE003F76FA = {
						CreatedOnToolsVersion = 7.2;
						TestTargetID = A54FEB531CE704DE003F76FA;
					};
					A54FEB771CE704DE003F76FA = {
						CreatedOnToolsVersion = 7.2;
						TestTargetID = A54FEB531CE704DE003F76FA;
					};
				};
			};
			buildConfigurationList = A54FEB4F1CE704DE003F76FA /* Build configuration list for PBXProject "FaceBookLike-ShowCase" */;
			compatibilityVersion = "Xcode 3.2";
			developmentRegion = English;
			hasScannedForEncodings = 0;
			knownRegions = (
				en,
				Base,
			);
			mainGroup = A54FEB4B1CE704DE003F76FA;
			productRefGroup = A54FEB551CE704DE003F76FA /* Products */;
			projectDirPath = "";
			projectRoot = "";
			targets = (
				A54FEB531CE704DE003F76FA /* FaceBookLike-ShowCase */,
				A54FEB6C1CE704DE003F76FA /* FaceBookLike-ShowCaseTests */,
				A54FEB771CE704DE003F76FA /* FaceBookLike-ShowCaseUITests */,
			);
		};
/* End PBXProject section */

/* Begin PBXResourcesBuildPhase section */
		A54FEB521CE704DE003F76FA /* Resources */ = {
			isa = PBXResourcesBuildPhase;
			buildActionMask = 2147483647;
			files = (
				A543D9701CE9F78F00EA35A4 /* NotoSans-Bold.ttf in Resources */,
				A54FEB671CE704DE003F76FA /* LaunchScreen.storyboard in Resources */,
				A543D9711CE9F78F00EA35A4 /* NotoSans-BoldItalic.ttf in Resources */,
				A543D9721CE9F78F00EA35A4 /* NotoSans-Italic.ttf in Resources */,
				A54FEB641CE704DE003F76FA /* Assets.xcassets in Resources */,
				A54FEB621CE704DE003F76FA /* Main.storyboard in Resources */,
				A543D9731CE9F78F00EA35A4 /* NotoSans-Regular.ttf in Resources */,
			);
			runOnlyForDeploymentPostprocessing = 0;
		};
		A54FEB6B1CE704DE003F76FA /* Resources */ = {
			isa = PBXResourcesBuildPhase;
			buildActionMask = 2147483647;
			files = (
			);
			runOnlyForDeploymentPostprocessing = 0;
		};
		A54FEB761CE704DE003F76FA /* Resources */ = {
			isa = PBXResourcesBuildPhase;
			buildActionMask = 2147483647;
			files = (
			);
			runOnlyForDeploymentPostprocessing = 0;
		};
/* End PBXResourcesBuildPhase section */

/* Begin PBXShellScriptBuildPhase section */
		242A922B83567C784D02DEBB /* Embed Pods Frameworks */ = {
			isa = PBXShellScriptBuildPhase;
			buildActionMask = 2147483647;
			files = (
			);
			inputPaths = (
			);
			name = "Embed Pods Frameworks";
			outputPaths = (
			);
			runOnlyForDeploymentPostprocessing = 0;
			shellPath = /bin/sh;
			shellScript = "\"${SRCROOT}/Pods/Target Support Files/Pods-FaceBookLike-ShowCase/Pods-FaceBookLike-ShowCase-frameworks.sh\"\n";
			showEnvVarsInLog = 0;
		};
		4F8AE91C11D30161620CFF55 /* Copy Pods Resources */ = {
			isa = PBXShellScriptBuildPhase;
			buildActionMask = 2147483647;
			files = (
			);
			inputPaths = (
			);
			name = "Copy Pods Resources";
			outputPaths = (
			);
			runOnlyForDeploymentPostprocessing = 0;
			shellPath = /bin/sh;
			shellScript = "\"${SRCROOT}/Pods/Target Support Files/Pods-FaceBookLike-ShowCase/Pods-FaceBookLike-ShowCase-resources.sh\"\n";
			showEnvVarsInLog = 0;
		};
		970AC056ABC4FB30CD847CB5 /* Check Pods Manifest.lock */ = {
			isa = PBXShellScriptBuildPhase;
			buildActionMask = 2147483647;
			files = (
			);
			inputPaths = (
			);
			name = "Check Pods Manifest.lock";
			outputPaths = (
			);
			runOnlyForDeploymentPostprocessing = 0;
			shellPath = /bin/sh;
			shellScript = "diff \"${PODS_ROOT}/../Podfile.lock\" \"${PODS_ROOT}/Manifest.lock\" > /dev/null\nif [[ $? != 0 ]] ; then\n    cat << EOM\nerror: The sandbox is not in sync with the Podfile.lock. Run 'pod install' or update your CocoaPods installation.\nEOM\n    exit 1\nfi\n";
			showEnvVarsInLog = 0;
		};
/* End PBXShellScriptBuildPhase section */

/* Begin PBXSourcesBuildPhase section */
		A54FEB501CE704DE003F76FA /* Sources */ = {
			isa = PBXSourcesBuildPhase;
			buildActionMask = 2147483647;
			files = (
				A54FEB5F1CE704DE003F76FA /* ViewController.m in Sources */,
				A53514341CEDC45500CD7CC4 /* postCell.m in Sources */,
				A543D97E1CE9FAC700EA35A4 /* Constanrs.m in Sources */,
				A54FEB5C1CE704DE003F76FA /* AppDelegate.m in Sources */,
				A535142E1CEDA46700CD7CC4 /* DataService.m in Sources */,
				A543D9841CEA0F6600EA35A4 /* MaterialTextField.m in Sources */,
				A54FEB591CE704DE003F76FA /* main.m in Sources */,
				A53514311CEDC30600CD7CC4 /* feeVC.m in Sources */,
				A561FDB51CF1D5CD006010C9 /* Post.m in Sources */,
				A543D9811CEA064200EA35A4 /* MaterialButton.m in Sources */,
				A543D97A1CE9FA4100EA35A4 /* MaterialView.m in Sources */,
			);
			runOnlyForDeploymentPostprocessing = 0;
		};
		A54FEB691CE704DE003F76FA /* Sources */ = {
			isa = PBXSourcesBuildPhase;
			buildActionMask = 2147483647;
			files = (
				A54FEB721CE704DE003F76FA /* FaceBookLike_ShowCaseTests.m in Sources */,
			);
			runOnlyForDeploymentPostprocessing = 0;
		};
		A54FEB741CE704DE003F76FA /* Sources */ = {
			isa = PBXSourcesBuildPhase;
			buildActionMask = 2147483647;
			files = (
				A54FEB7D1CE704DE003F76FA /* FaceBookLike_ShowCaseUITests.m in Sources */,
			);
			runOnlyForDeploymentPostprocessing = 0;
		};
/* End PBXSourcesBuildPhase section */

/* Begin PBXTargetDependency section */
		A54FEB6F1CE704DE003F76FA /* PBXTargetDependency */ = {
			isa = PBXTargetDependency;
			target = A54FEB531CE704DE003F76FA /* FaceBookLike-ShowCase */;
			targetProxy = A54FEB6E1CE704DE003F76FA /* PBXContainerItemProxy */;
		};
		A54FEB7A1CE704DE003F76FA /* PBXTargetDependency */ = {
			isa = PBXTargetDependency;
			target = A54FEB531CE704DE003F76FA /* FaceBookLike-ShowCase */;
			targetProxy = A54FEB791CE704DE003F76FA /* PBXContainerItemProxy */;
		};
/* End PBXTargetDependency section */

/* Begin PBXVariantGroup section */
		A54FEB601CE704DE003F76FA /* Main.storyboard */ = {
			isa = PBXVariantGroup;
			children = (
				A54FEB611CE704DE003F76FA /* Base */,
			);
			name = Main.storyboard;
			sourceTree = "<group>";
		};
		A54FEB651CE704DE003F76FA /* LaunchScreen.storyboard */ = {
			isa = PBXVariantGroup;
			children = (
				A54FEB661CE704DE003F76FA /* Base */,
			);
			name = LaunchScreen.storyboard;
			sourceTree = "<group>";
		};
/* End PBXVariantGroup section */

/* Begin XCBuildConfiguration section */
		A54FEB7F1CE704DE003F76FA /* Debug */ = {
			isa = XCBuildConfiguration;
			buildSettings = {
				ALWAYS_SEARCH_USER_PATHS = NO;
				CLANG_CXX_LANGUAGE_STANDARD = "gnu++0x";
				CLANG_CXX_LIBRARY = "libc++";
				CLANG_ENABLE_MODULES = YES;
				CLANG_ENABLE_OBJC_ARC = YES;
				CLANG_WARN_BOOL_CONVERSION = YES;
				CLANG_WARN_CONSTANT_CONVERSION = YES;
				CLANG_WARN_DIRECT_OBJC_ISA_USAGE = YES_ERROR;
				CLANG_WARN_EMPTY_BODY = YES;
				CLANG_WARN_ENUM_CONVERSION = YES;
				CLANG_WARN_INT_CONVERSION = YES;
				CLANG_WARN_OBJC_ROOT_CLASS = YES_ERROR;
				CLANG_WARN_UNREACHABLE_CODE = YES;
				CLANG_WARN__DUPLICATE_METHOD_MATCH = YES;
				"CODE_SIGN_IDENTITY[sdk=iphoneos*]" = "iPhone Developer";
				COPY_PHASE_STRIP = NO;
				DEBUG_INFORMATION_FORMAT = dwarf;
				ENABLE_STRICT_OBJC_MSGSEND = YES;
				ENABLE_TESTABILITY = YES;
				GCC_C_LANGUAGE_STANDARD = gnu99;
				GCC_DYNAMIC_NO_PIC = NO;
				GCC_NO_COMMON_BLOCKS = YES;
				GCC_OPTIMIZATION_LEVEL = 0;
				GCC_PREPROCESSOR_DEFINITIONS = (
					"DEBUG=1",
					"$(inherited)",
				);
				GCC_WARN_64_TO_32_BIT_CONVERSION = YES;
				GCC_WARN_ABOUT_RETURN_TYPE = YES_ERROR;
				GCC_WARN_UNDECLARED_SELECTOR = YES;
				GCC_WARN_UNINITIALIZED_AUTOS = YES_AGGRESSIVE;
				GCC_WARN_UNUSED_FUNCTION = YES;
				GCC_WARN_UNUSED_VARIABLE = YES;
				IPHONEOS_DEPLOYMENT_TARGET = 9.2;
				MTL_ENABLE_DEBUG_INFO = YES;
				ONLY_ACTIVE_ARCH = YES;
				SDKROOT = iphoneos;
				TARGETED_DEVICE_FAMILY = "1,2";
			};
			name = Debug;
		};
		A54FEB801CE704DE003F76FA /* Release */ = {
			isa = XCBuildConfiguration;
			buildSettings = {
				ALWAYS_SEARCH_USER_PATHS = NO;
				CLANG_CXX_LANGUAGE_STANDARD = "gnu++0x";
				CLANG_CXX_LIBRARY = "libc++";
				CLANG_ENABLE_MODULES = YES;
				CLANG_ENABLE_OBJC_ARC = YES;
				CLANG_WARN_BOOL_CONVERSION = YES;
				CLANG_WARN_CONSTANT_CONVERSION = YES;
				CLANG_WARN_DIRECT_OBJC_ISA_USAGE = YES_ERROR;
				CLANG_WARN_EMPTY_BODY = YES;
				CLANG_WARN_ENUM_CONVERSION = YES;
				CLANG_WARN_INT_CONVERSION = YES;
				CLANG_WARN_OBJC_ROOT_CLASS = YES_ERROR;
				CLANG_WARN_UNREACHABLE_CODE = YES;
				CLANG_WARN__DUPLICATE_METHOD_MATCH = YES;
				"CODE_SIGN_IDENTITY[sdk=iphoneos*]" = "iPhone Developer";
				COPY_PHASE_STRIP = NO;
				DEBUG_INFORMATION_FORMAT = "dwarf-with-dsym";
				ENABLE_NS_ASSERTIONS = NO;
				ENABLE_STRICT_OBJC_MSGSEND = YES;
				GCC_C_LANGUAGE_STANDARD = gnu99;
				GCC_NO_COMMON_BLOCKS = YES;
				GCC_WARN_64_TO_32_BIT_CONVERSION = YES;
				GCC_WARN_ABOUT_RETURN_TYPE = YES_ERROR;
				GCC_WARN_UNDECLARED_SELECTOR = YES;
				GCC_WARN_UNINITIALIZED_AUTOS = YES_AGGRESSIVE;
				GCC_WARN_UNUSED_FUNCTION = YES;
				GCC_WARN_UNUSED_VARIABLE = YES;
				IPHONEOS_DEPLOYMENT_TARGET = 9.2;
				MTL_ENABLE_DEBUG_INFO = NO;
				SDKROOT = iphoneos;
				TARGETED_DEVICE_FAMILY = "1,2";
				VALIDATE_PRODUCT = YES;
			};
			name = Release;
		};
		A54FEB821CE704DE003F76FA /* Debug */ = {
			isa = XCBuildConfiguration;
			baseConfigurationReference = 79DEA2724A0C83BCACA71027 /* Pods-FaceBookLike-ShowCase.debug.xcconfig */;
			buildSettings = {
				ASSETCATALOG_COMPILER_APPICON_NAME = AppIcon;
				FRAMEWORK_SEARCH_PATHS = (
					"$(inherited)",
					"$(PROJECT_DIR)/FaceBookLike-ShowCase",
				);
				INFOPLIST_FILE = "FaceBookLike-ShowCase/Info.plist";
				LD_RUNPATH_SEARCH_PATHS = "$(inherited) @executable_path/Frameworks";
				PRODUCT_BUNDLE_IDENTIFIER = "cyrus-refai.FaceBookLike-ShowCase";
				PRODUCT_NAME = "$(TARGET_NAME)";
			};
			name = Debug;
		};
		A54FEB831CE704DE003F76FA /* Release */ = {
			isa = XCBuildConfiguration;
			baseConfigurationReference = 9C6968AAA6D55830910760AE /* Pods-FaceBookLike-ShowCase.release.xcconfig */;
			buildSettings = {
				ASSETCATALOG_COMPILER_APPICON_NAME = AppIcon;
				FRAMEWORK_SEARCH_PATHS = (
					"$(inherited)",
					"$(PROJECT_DIR)/FaceBookLike-ShowCase",
				);
				INFOPLIST_FILE = "FaceBookLike-ShowCase/Info.plist";
				LD_RUNPATH_SEARCH_PATHS = "$(inherited) @executable_path/Frameworks";
				PRODUCT_BUNDLE_IDENTIFIER = "cyrus-refai.FaceBookLike-ShowCase";
				PRODUCT_NAME = "$(TARGET_NAME)";
			};
			name = Release;
		};
		A54FEB851CE704DE003F76FA /* Debug */ = {
			isa = XCBuildConfiguration;
			buildSettings = {
				BUNDLE_LOADER = "$(TEST_HOST)";
				INFOPLIST_FILE = "FaceBookLike-ShowCaseTests/Info.plist";
				LD_RUNPATH_SEARCH_PATHS = "$(inherited) @executable_path/Frameworks @loader_path/Frameworks";
				PRODUCT_BUNDLE_IDENTIFIER = "cyrus-refai.FaceBookLike-ShowCaseTests";
				PRODUCT_NAME = "$(TARGET_NAME)";
				TEST_HOST = "$(BUILT_PRODUCTS_DIR)/FaceBookLike-ShowCase.app/FaceBookLike-ShowCase";
			};
			name = Debug;
		};
		A54FEB861CE704DE003F76FA /* Release */ = {
			isa = XCBuildConfiguration;
			buildSettings = {
				BUNDLE_LOADER = "$(TEST_HOST)";
				INFOPLIST_FILE = "FaceBookLike-ShowCaseTests/Info.plist";
				LD_RUNPATH_SEARCH_PATHS = "$(inherited) @executable_path/Frameworks @loader_path/Frameworks";
				PRODUCT_BUNDLE_IDENTIFIER = "cyrus-refai.FaceBookLike-ShowCaseTests";
				PRODUCT_NAME = "$(TARGET_NAME)";
				TEST_HOST = "$(BUILT_PRODUCTS_DIR)/FaceBookLike-ShowCase.app/FaceBookLike-ShowCase";
			};
			name = Release;
		};
		A54FEB881CE704DE003F76FA /* Debug */ = {
			isa = XCBuildConfiguration;
			buildSettings = {
				INFOPLIST_FILE = "FaceBookLike-ShowCaseUITests/Info.plist";
				LD_RUNPATH_SEARCH_PATHS = "$(inherited) @executable_path/Frameworks @loader_path/Frameworks";
				PRODUCT_BUNDLE_IDENTIFIER = "cyrus-refai.FaceBookLike-ShowCaseUITests";
				PRODUCT_NAME = "$(TARGET_NAME)";
				TEST_TARGET_NAME = "FaceBookLike-ShowCase";
				USES_XCTRUNNER = YES;
			};
			name = Debug;
		};
		A54FEB891CE704DE003F76FA /* Release */ = {
			isa = XCBuildConfiguration;
			buildSettings = {
				INFOPLIST_FILE = "FaceBookLike-ShowCaseUITests/Info.plist";
				LD_RUNPATH_SEARCH_PATHS = "$(inherited) @executable_path/Frameworks @loader_path/Frameworks";
				PRODUCT_BUNDLE_IDENTIFIER = "cyrus-refai.FaceBookLike-ShowCaseUITests";
				PRODUCT_NAME = "$(TARGET_NAME)";
				TEST_TARGET_NAME = "FaceBookLike-ShowCase";
				USES_XCTRUNNER = YES;
			};
			name = Release;
		};
/* End XCBuildConfiguration section */

/* Begin XCConfigurationList section */
		A54FEB4F1CE704DE003F76FA /* Build configuration list for PBXProject "FaceBookLike-ShowCase" */ = {
			isa = XCConfigurationList;
			buildConfigurations = (
				A54FEB7F1CE704DE003F76FA /* Debug */,
				A54FEB801CE704DE003F76FA /* Release */,
			);
			defaultConfigurationIsVisible = 0;
			defaultConfigurationName = Release;
		};
		A54FEB811CE704DE003F76FA /* Build configuration list for PBXNativeTarget "FaceBookLike-ShowCase" */ = {
			isa = XCConfigurationList;
			buildConfigurations = (
				A54FEB821CE704DE003F76FA /* Debug */,
				A54FEB831CE704DE003F76FA /* Release */,
			);
			defaultConfigurationIsVisible = 0;
			defaultConfigurationName = Release;
		};
		A54FEB841CE704DE003F76FA /* Build configuration list for PBXNativeTarget "FaceBookLike-ShowCaseTests" */ = {
			isa = XCConfigurationList;
			buildConfigurations = (
				A54FEB851CE704DE003F76FA /* Debug */,
				A54FEB861CE704DE003F76FA /* Release */,
			);
			defaultConfigurationIsVisible = 0;
			defaultConfigurationName = Release;
		};
		A54FEB871CE704DE003F76FA /* Build configuration list for PBXNativeTarget "FaceBookLike-ShowCaseUITests" */ = {
			isa = XCConfigurationList;
			buildConfigurations = (
				A54FEB881CE704DE003F76FA /* Debug */,
				A54FEB891CE704DE003F76FA /* Release */,
			);
			defaultConfigurationIsVisible = 0;
			defaultConfigurationName = Release;
		};
/* End XCConfigurationList section */
	};
	rootObject = A54FEB4C1CE704DE003F76FA /* Project object */;
}
